// !$*UTF8*$!
{
	archiveVersion = 1;
	classes = {
	};
	objectVersion = 55;
	objects = {

/* Begin PBXBuildFile section */
		057AEA2C28ACFABA00559548 /* DetailViewController.swift in Sources */ = {isa = PBXBuildFile; fileRef = 057AEA2B28ACFABA00559548 /* DetailViewController.swift */; };
		057AEA2E28AD01E300559548 /* MovieDetailViewController.swift in Sources */ = {isa = PBXBuildFile; fileRef = 057AEA2D28AD01E300559548 /* MovieDetailViewController.swift */; };
		05918FDF28AC8874002F2311 /* AppDelegate.swift in Sources */ = {isa = PBXBuildFile; fileRef = 05918FDE28AC8874002F2311 /* AppDelegate.swift */; };
		05918FE128AC8874002F2311 /* SceneDelegate.swift in Sources */ = {isa = PBXBuildFile; fileRef = 05918FE028AC8874002F2311 /* SceneDelegate.swift */; };
		05918FE628AC8874002F2311 /* Main.storyboard in Resources */ = {isa = PBXBuildFile; fileRef = 05918FE428AC8874002F2311 /* Main.storyboard */; };
		05918FE828AC8876002F2311 /* Assets.xcassets in Resources */ = {isa = PBXBuildFile; fileRef = 05918FE728AC8876002F2311 /* Assets.xcassets */; };
		05918FEB28AC8876002F2311 /* LaunchScreen.storyboard in Resources */ = {isa = PBXBuildFile; fileRef = 05918FE928AC8876002F2311 /* LaunchScreen.storyboard */; };
		05918FF628AC8D07002F2311 /* TrackTableViewController.swift in Sources */ = {isa = PBXBuildFile; fileRef = 05918FF528AC8D07002F2311 /* TrackTableViewController.swift */; };
		05918FF828AC8D17002F2311 /* MovieTableViewController.swift in Sources */ = {isa = PBXBuildFile; fileRef = 05918FF728AC8D17002F2311 /* MovieTableViewController.swift */; };
		05918FFB28ACCE14002F2311 /* DataManager.swift in Sources */ = {isa = PBXBuildFile; fileRef = 05918FFA28ACCE13002F2311 /* DataManager.swift */; };
		05918FFD28ACCEDA002F2311 /* Song.swift in Sources */ = {isa = PBXBuildFile; fileRef = 05918FFC28ACCEDA002F2311 /* Song.swift */; };
		05918FFF28ACD11F002F2311 /* Movie.swift in Sources */ = {isa = PBXBuildFile; fileRef = 05918FFE28ACD11F002F2311 /* Movie.swift */; };
		0591900B28ACEABB002F2311 /* MovieCellTableViewCell.swift in Sources */ = {isa = PBXBuildFile; fileRef = 0591900A28ACEABB002F2311 /* MovieCellTableViewCell.swift */; };
/* End PBXBuildFile section */

/* Begin PBXFileReference section */
		057AEA2B28ACFABA00559548 /* DetailViewController.swift */ = {isa = PBXFileReference; lastKnownFileType = sourcecode.swift; path = DetailViewController.swift; sourceTree = "<group>"; };
		057AEA2D28AD01E300559548 /* MovieDetailViewController.swift */ = {isa = PBXFileReference; lastKnownFileType = sourcecode.swift; path = MovieDetailViewController.swift; sourceTree = "<group>"; };
		05918FDB28AC8874002F2311 /* FavMov.app */ = {isa = PBXFileReference; explicitFileType = wrapper.application; includeInIndex = 0; path = FavMov.app; sourceTree = BUILT_PRODUCTS_DIR; };
		05918FDE28AC8874002F2311 /* AppDelegate.swift */ = {isa = PBXFileReference; lastKnownFileType = sourcecode.swift; path = AppDelegate.swift; sourceTree = "<group>"; };
		05918FE028AC8874002F2311 /* SceneDelegate.swift */ = {isa = PBXFileReference; lastKnownFileType = sourcecode.swift; path = SceneDelegate.swift; sourceTree = "<group>"; };
		05918FE528AC8874002F2311 /* Base */ = {isa = PBXFileReference; lastKnownFileType = file.storyboard; name = Base; path = Base.lproj/Main.storyboard; sourceTree = "<group>"; };
		05918FE728AC8876002F2311 /* Assets.xcassets */ = {isa = PBXFileReference; lastKnownFileType = folder.assetcatalog; path = Assets.xcassets; sourceTree = "<group>"; };
		05918FEA28AC8876002F2311 /* Base */ = {isa = PBXFileReference; lastKnownFileType = file.storyboard; name = Base; path = Base.lproj/LaunchScreen.storyboard; sourceTree = "<group>"; };
		05918FEC28AC8876002F2311 /* Info.plist */ = {isa = PBXFileReference; lastKnownFileType = text.plist.xml; path = Info.plist; sourceTree = "<group>"; };
		05918FF528AC8D07002F2311 /* TrackTableViewController.swift */ = {isa = PBXFileReference; lastKnownFileType = sourcecode.swift; path = TrackTableViewController.swift; sourceTree = "<group>"; };
		05918FF728AC8D17002F2311 /* MovieTableViewController.swift */ = {isa = PBXFileReference; lastKnownFileType = sourcecode.swift; path = MovieTableViewController.swift; sourceTree = "<group>"; };
		05918FFA28ACCE13002F2311 /* DataManager.swift */ = {isa = PBXFileReference; lastKnownFileType = sourcecode.swift; path = DataManager.swift; sourceTree = "<group>"; };
		05918FFC28ACCEDA002F2311 /* Song.swift */ = {isa = PBXFileReference; lastKnownFileType = sourcecode.swift; path = Song.swift; sourceTree = "<group>"; };
		05918FFE28ACD11F002F2311 /* Movie.swift */ = {isa = PBXFileReference; lastKnownFileType = sourcecode.swift; path = Movie.swift; sourceTree = "<group>"; };
		0591900A28ACEABB002F2311 /* MovieCellTableViewCell.swift */ = {isa = PBXFileReference; lastKnownFileType = sourcecode.swift; path = MovieCellTableViewCell.swift; sourceTree = "<group>"; };
/* End PBXFileReference section */

/* Begin PBXFrameworksBuildPhase section */
		05918FD828AC8874002F2311 /* Frameworks */ = {
			isa = PBXFrameworksBuildPhase;
			buildActionMask = 2147483647;
			files = (
			);
			runOnlyForDeploymentPostprocessing = 0;
		};
/* End PBXFrameworksBuildPhase section */

/* Begin PBXGroup section */
		05918FD228AC8874002F2311 = {
			isa = PBXGroup;
			children = (
				05918FDD28AC8874002F2311 /* FavMov */,
				05918FDC28AC8874002F2311 /* Products */,
			);
			sourceTree = "<group>";
		};
		05918FDC28AC8874002F2311 /* Products */ = {
			isa = PBXGroup;
			children = (
				05918FDB28AC8874002F2311 /* FavMov.app */,
			);
			name = Products;
			sourceTree = "<group>";
		};
		05918FDD28AC8874002F2311 /* FavMov */ = {
			isa = PBXGroup;
			children = (
				05918FF228AC88C0002F2311 /* AppDelegate */,
				05918FF928ACCDD0002F2311 /* Model  */,
				05918FF428AC88E2002F2311 /* View */,
				05918FF328AC88CF002F2311 /* Controller */,
				05918FE728AC8876002F2311 /* Assets.xcassets */,
				05918FEC28AC8876002F2311 /* Info.plist */,
			);
			path = FavMov;
			sourceTree = "<group>";
		};
		05918FF228AC88C0002F2311 /* AppDelegate */ = {
			isa = PBXGroup;
			children = (
				05918FDE28AC8874002F2311 /* AppDelegate.swift */,
				05918FE028AC8874002F2311 /* SceneDelegate.swift */,
			);
			path = AppDelegate;
			sourceTree = "<group>";
		};
		05918FF328AC88CF002F2311 /* Controller */ = {
			isa = PBXGroup;
			children = (
				05918FF528AC8D07002F2311 /* TrackTableViewController.swift */,
				05918FF728AC8D17002F2311 /* MovieTableViewController.swift */,
				0591900A28ACEABB002F2311 /* MovieCellTableViewCell.swift */,
				057AEA2B28ACFABA00559548 /* DetailViewController.swift */,
				057AEA2D28AD01E300559548 /* MovieDetailViewController.swift */,
			);
			path = Controller;
			sourceTree = "<group>";
		};
		05918FF428AC88E2002F2311 /* View */ = {
			isa = PBXGroup;
			children = (
				05918FE428AC8874002F2311 /* Main.storyboard */,
				05918FE928AC8876002F2311 /* LaunchScreen.storyboard */,
			);
			path = View;
			sourceTree = "<group>";
		};
		05918FF928ACCDD0002F2311 /* Model  */ = {
			isa = PBXGroup;
			children = (
				05918FFA28ACCE13002F2311 /* DataManager.swift */,
				05918FFC28ACCEDA002F2311 /* Song.swift */,
				05918FFE28ACD11F002F2311 /* Movie.swift */,
			);
			path = "Model ";
			sourceTree = "<group>";
		};
/* End PBXGroup section */

/* Begin PBXNativeTarget section */
		05918FDA28AC8874002F2311 /* FavMov */ = {
			isa = PBXNativeTarget;
			buildConfigurationList = 05918FEF28AC8876002F2311 /* Build configuration list for PBXNativeTarget "FavMov" */;
			buildPhases = (
				05918FD728AC8874002F2311 /* Sources */,
				05918FD828AC8874002F2311 /* Frameworks */,
				05918FD928AC8874002F2311 /* Resources */,
			);
			buildRules = (
			);
			dependencies = (
			);
			name = FavMov;
			productName = FavMov;
			productReference = 05918FDB28AC8874002F2311 /* FavMov.app */;
			productType = "com.apple.product-type.application";
		};
/* End PBXNativeTarget section */

/* Begin PBXProject section */
		05918FD328AC8874002F2311 /* Project object */ = {
			isa = PBXProject;
			attributes = {
				BuildIndependentTargetsInParallel = 1;
				LastSwiftUpdateCheck = 1340;
				LastUpgradeCheck = 1340;
				TargetAttributes = {
					05918FDA28AC8874002F2311 = {
						CreatedOnToolsVersion = 13.4.1;
					};
				};
			};
			buildConfigurationList = 05918FD628AC8874002F2311 /* Build configuration list for PBXProject "FavMov" */;
			compatibilityVersion = "Xcode 13.0";
			developmentRegion = en;
			hasScannedForEncodings = 0;
			knownRegions = (
				en,
				Base,
			);
			mainGroup = 05918FD228AC8874002F2311;
			productRefGroup = 05918FDC28AC8874002F2311 /* Products */;
			projectDirPath = "";
			projectRoot = "";
			targets = (
				05918FDA28AC8874002F2311 /* FavMov */,
			);
		};
/* End PBXProject section */

/* Begin PBXResourcesBuildPhase section */
		05918FD928AC8874002F2311 /* Resources */ = {
			isa = PBXResourcesBuildPhase;
			buildActionMask = 2147483647;
			files = (
				05918FEB28AC8876002F2311 /* LaunchScreen.storyboard in Resources */,
				05918FE828AC8876002F2311 /* Assets.xcassets in Resources */,
				05918FE628AC8874002F2311 /* Main.storyboard in Resources */,
			);
			runOnlyForDeploymentPostprocessing = 0;
		};
/* End PBXResourcesBuildPhase section */

/* Begin PBXSourcesBuildPhase section */
		05918FD728AC8874002F2311 /* Sources */ = {
			isa = PBXSourcesBuildPhase;
			buildActionMask = 2147483647;
			files = (
				057AEA2C28ACFABA00559548 /* DetailViewController.swift in Sources */,
				05918FFF28ACD11F002F2311 /* Movie.swift in Sources */,
				05918FFD28ACCEDA002F2311 /* Song.swift in Sources */,
				0591900B28ACEABB002F2311 /* MovieCellTableViewCell.swift in Sources */,
				05918FF828AC8D17002F2311 /* MovieTableViewController.swift in Sources */,
				05918FFB28ACCE14002F2311 /* DataManager.swift in Sources */,
				057AEA2E28AD01E300559548 /* MovieDetailViewController.swift in Sources */,
				05918FF628AC8D07002F2311 /* TrackTableViewController.swift in Sources */,
				05918FDF28AC8874002F2311 /* AppDelegate.swift in Sources */,
				05918FE128AC8874002F2311 /* SceneDelegate.swift in Sources */,
			);
			runOnlyForDeploymentPostprocessing = 0;
		};
/* End PBXSourcesBuildPhase section */

/* Begin PBXVariantGroup section */
		05918FE428AC8874002F2311 /* Main.storyboard */ = {
			isa = PBXVariantGroup;
			children = (
				05918FE528AC8874002F2311 /* Base */,
			);
			name = Main.storyboard;
			sourceTree = "<group>";
		};
		05918FE928AC8876002F2311 /* LaunchScreen.storyboard */ = {
			isa = PBXVariantGroup;
			children = (
				05918FEA28AC8876002F2311 /* Base */,
			);
			name = LaunchScreen.storyboard;
			sourceTree = "<group>";
		};
/* End PBXVariantGroup section */

/* Begin XCBuildConfiguration section */
		05918FED28AC8876002F2311 /* Debug */ = {
			isa = XCBuildConfiguration;
			buildSettings = {
				ALWAYS_SEARCH_USER_PATHS = NO;
				CLANG_ANALYZER_NONNULL = YES;
				CLANG_ANALYZER_NUMBER_OBJECT_CONVERSION = YES_AGGRESSIVE;
				CLANG_CXX_LANGUAGE_STANDARD = "gnu++17";
				CLANG_ENABLE_MODULES = YES;
				CLANG_ENABLE_OBJC_ARC = YES;
				CLANG_ENABLE_OBJC_WEAK = YES;
				CLANG_WARN_BLOCK_CAPTURE_AUTORELEASING = YES;
				CLANG_WARN_BOOL_CONVERSION = YES;
				CLANG_WARN_COMMA = YES;
				CLANG_WARN_CONSTANT_CONVERSION = YES;
				CLANG_WARN_DEPRECATED_OBJC_IMPLEMENTATIONS = YES;
				CLANG_WARN_DIRECT_OBJC_ISA_USAGE = YES_ERROR;
				CLANG_WARN_DOCUMENTATION_COMMENTS = YES;
				CLANG_WARN_EMPTY_BODY = YES;
				CLANG_WARN_ENUM_CONVERSION = YES;
				CLANG_WARN_INFINITE_RECURSION = YES;
				CLANG_WARN_INT_CONVERSION = YES;
				CLANG_WARN_NON_LITERAL_NULL_CONVERSION = YES;
				CLANG_WARN_OBJC_IMPLICIT_RETAIN_SELF = YES;
				CLANG_WARN_OBJC_LITERAL_CONVERSION = YES;
				CLANG_WARN_OBJC_ROOT_CLASS = YES_ERROR;
				CLANG_WARN_QUOTED_INCLUDE_IN_FRAMEWORK_HEADER = YES;
				CLANG_WARN_RANGE_LOOP_ANALYSIS = YES;
				CLANG_WARN_STRICT_PROTOTYPES = YES;
				CLANG_WARN_SUSPICIOUS_MOVE = YES;
				CLANG_WARN_UNGUARDED_AVAILABILITY = YES_AGGRESSIVE;
				CLANG_WARN_UNREACHABLE_CODE = YES;
				CLANG_WARN__DUPLICATE_METHOD_MATCH = YES;
				COPY_PHASE_STRIP = NO;
				DEBUG_INFORMATION_FORMAT = dwarf;
				ENABLE_STRICT_OBJC_MSGSEND = YES;
				ENABLE_TESTABILITY = YES;
				GCC_C_LANGUAGE_STANDARD = gnu11;
				GCC_DYNAMIC_NO_PIC = NO;
				GCC_NO_COMMON_BLOCKS = YES;
				GCC_OPTIMIZATION_LEVEL = 0;
				GCC_PREPROCESSOR_DEFINITIONS = (
					"DEBUG=1",
					"$(inherited)",
				);
				GCC_WARN_64_TO_32_BIT_CONVERSION = YES;
				GCC_WARN_ABOUT_RETURN_TYPE = YES_ERROR;
				GCC_WARN_UNDECLARED_SELECTOR = YES;
				GCC_WARN_UNINITIALIZED_AUTOS = YES_AGGRESSIVE;
				GCC_WARN_UNUSED_FUNCTION = YES;
				GCC_WARN_UNUSED_VARIABLE = YES;
				IPHONEOS_DEPLOYMENT_TARGET = 15.5;
				MTL_ENABLE_DEBUG_INFO = INCLUDE_SOURCE;
				MTL_FAST_MATH = YES;
				ONLY_ACTIVE_ARCH = YES;
				SDKROOT = iphoneos;
				SWIFT_ACTIVE_COMPILATION_CONDITIONS = DEBUG;
				SWIFT_OPTIMIZATION_LEVEL = "-Onone";
			};
			name = Debug;
		};
		05918FEE28AC8876002F2311 /* Release */ = {
			isa = XCBuildConfiguration;
			buildSettings = {
				ALWAYS_SEARCH_USER_PATHS = NO;
				CLANG_ANALYZER_NONNULL = YES;
				CLANG_ANALYZER_NUMBER_OBJECT_CONVERSION = YES_AGGRESSIVE;
				CLANG_CXX_LANGUAGE_STANDARD = "gnu++17";
				CLANG_ENABLE_MODULES = YES;
				CLANG_ENABLE_OBJC_ARC = YES;
				CLANG_ENABLE_OBJC_WEAK = YES;
				CLANG_WARN_BLOCK_CAPTURE_AUTORELEASING = YES;
				CLANG_WARN_BOOL_CONVERSION = YES;
				CLANG_WARN_COMMA = YES;
				CLANG_WARN_CONSTANT_CONVERSION = YES;
				CLANG_WARN_DEPRECATED_OBJC_IMPLEMENTATIONS = YES;
				CLANG_WARN_DIRECT_OBJC_ISA_USAGE = YES_ERROR;
				CLANG_WARN_DOCUMENTATION_COMMENTS = YES;
				CLANG_WARN_EMPTY_BODY = YES;
				CLANG_WARN_ENUM_CONVERSION = YES;
				CLANG_WARN_INFINITE_RECURSION = YES;
				CLANG_WARN_INT_CONVERSION = YES;
				CLANG_WARN_NON_LITERAL_NULL_CONVERSION = YES;
				CLANG_WARN_OBJC_IMPLICIT_RETAIN_SELF = YES;
				CLANG_WARN_OBJC_LITERAL_CONVERSION = YES;
				CLANG_WARN_OBJC_ROOT_CLASS = YES_ERROR;
				CLANG_WARN_QUOTED_INCLUDE_IN_FRAMEWORK_HEADER = YES;
				CLANG_WARN_RANGE_LOOP_ANALYSIS = YES;
				CLANG_WARN_STRICT_PROTOTYPES = YES;
				CLANG_WARN_SUSPICIOUS_MOVE = YES;
				CLANG_WARN_UNGUARDED_AVAILABILITY = YES_AGGRESSIVE;
				CLANG_WARN_UNREACHABLE_CODE = YES;
				CLANG_WARN__DUPLICATE_METHOD_MATCH = YES;
				COPY_PHASE_STRIP = NO;
				DEBUG_INFORMATION_FORMAT = "dwarf-with-dsym";
				ENABLE_NS_ASSERTIONS = NO;
				ENABLE_STRICT_OBJC_MSGSEND = YES;
				GCC_C_LANGUAGE_STANDARD = gnu11;
				GCC_NO_COMMON_BLOCKS = YES;
				GCC_WARN_64_TO_32_BIT_CONVERSION = YES;
				GCC_WARN_ABOUT_RETURN_TYPE = YES_ERROR;
				GCC_WARN_UNDECLARED_SELECTOR = YES;
				GCC_WARN_UNINITIALIZED_AUTOS = YES_AGGRESSIVE;
				GCC_WARN_UNUSED_FUNCTION = YES;
				GCC_WARN_UNUSED_VARIABLE = YES;
				IPHONEOS_DEPLOYMENT_TARGET = 15.5;
				MTL_ENABLE_DEBUG_INFO = NO;
				MTL_FAST_MATH = YES;
				SDKROOT = iphoneos;
				SWIFT_COMPILATION_MODE = wholemodule;
				SWIFT_OPTIMIZATION_LEVEL = "-O";
				VALIDATE_PRODUCT = YES;
			};
			name = Release;
		};
		05918FF028AC8876002F2311 /* Debug */ = {
			isa = XCBuildConfiguration;
			buildSettings = {
				ASSETCATALOG_COMPILER_APPICON_NAME = AppIcon;
				ASSETCATALOG_COMPILER_GLOBAL_ACCENT_COLOR_NAME = AccentColor;
				CODE_SIGN_STYLE = Automatic;
				CURRENT_PROJECT_VERSION = 1;
				DEVELOPMENT_TEAM = G4ADTVG2F8;
				GENERATE_INFOPLIST_FILE = YES;
				INFOPLIST_FILE = FavMov/Info.plist;
				INFOPLIST_KEY_UIApplicationSupportsIndirectInputEvents = YES;
				INFOPLIST_KEY_UILaunchStoryboardName = LaunchScreen;
				INFOPLIST_KEY_UIMainStoryboardFile = Main;
				INFOPLIST_KEY_UISupportedInterfaceOrientations_iPad = "UIInterfaceOrientationPortrait UIInterfaceOrientationPortraitUpsideDown UIInterfaceOrientationLandscapeLeft UIInterfaceOrientationLandscapeRight";
				INFOPLIST_KEY_UISupportedInterfaceOrientations_iPhone = "UIInterfaceOrientationPortrait UIInterfaceOrientationLandscapeLeft UIInterfaceOrientationLandscapeRight";
				LD_RUNPATH_SEARCH_PATHS = (
					"$(inherited)",
					"@executable_path/Frameworks",
				);
				MARKETING_VERSION = 1.0;
				PRODUCT_BUNDLE_IDENTIFIER = com.sivakarthi.FavMov;
				PRODUCT_NAME = "$(TARGET_NAME)";
				SWIFT_EMIT_LOC_STRINGS = YES;
				SWIFT_VERSION = 5.0;
				TARGETED_DEVICE_FAMILY = "1,2";
			};
			name = Debug;
		};
		05918FF128AC8876002F2311 /* Release */ = {
			isa = XCBuildConfiguration;
			buildSettings = {
				ASSETCATALOG_COMPILER_APPICON_NAME = AppIcon;
				ASSETCATALOG_COMPILER_GLOBAL_ACCENT_COLOR_NAME = AccentColor;
				CODE_SIGN_STYLE = Automatic;
				CURRENT_PROJECT_VERSION = 1;
				DEVELOPMENT_TEAM = G4ADTVG2F8;
				GENERATE_INFOPLIST_FILE = YES;
				INFOPLIST_FILE = FavMov/Info.plist;
				INFOPLIST_KEY_UIApplicationSupportsIndirectInputEvents = YES;
				INFOPLIST_KEY_UILaunchStoryboardName = LaunchScreen;
				INFOPLIST_KEY_UIMainStoryboardFile = Main;
				INFOPLIST_KEY_UISupportedInterfaceOrientations_iPad = "UIInterfaceOrientationPortrait UIInterfaceOrientationPortraitUpsideDown UIInterfaceOrientationLandscapeLeft UIInterfaceOrientationLandscapeRight";
				INFOPLIST_KEY_UISupportedInterfaceOrientations_iPhone = "UIInterfaceOrientationPortrait UIInterfaceOrientationLandscapeLeft UIInterfaceOrientationLandscapeRight";
				LD_RUNPATH_SEARCH_PATHS = (
					"$(inherited)",
					"@executable_path/Frameworks",
				);
				MARKETING_VERSION = 1.0;
				PRODUCT_BUNDLE_IDENTIFIER = com.sivakarthi.FavMov;
				PRODUCT_NAME = "$(TARGET_NAME)";
				SWIFT_EMIT_LOC_STRINGS = YES;
				SWIFT_VERSION = 5.0;
				TARGETED_DEVICE_FAMILY = "1,2";
			};
			name = Release;
		};
/* End XCBuildConfiguration section */

/* Begin XCConfigurationList section */
		05918FD628AC8874002F2311 /* Build configuration list for PBXProject "FavMov" */ = {
			isa = XCConfigurationList;
			buildConfigurations = (
				05918FED28AC8876002F2311 /* Debug */,
				05918FEE28AC8876002F2311 /* Release */,
			);
			defaultConfigurationIsVisible = 0;
			defaultConfigurationName = Release;
		};
		05918FEF28AC8876002F2311 /* Build configuration list for PBXNativeTarget "FavMov" */ = {
			isa = XCConfigurationList;
			buildConfigurations = (
				05918FF028AC8876002F2311 /* Debug */,
				05918FF128AC8876002F2311 /* Release */,
			);
			defaultConfigurationIsVisible = 0;
			defaultConfigurationName = Release;
		};
/* End XCConfigurationList section */
	};
	rootObject = 05918FD328AC8874002F2311 /* Project object */;
}
